
Microsoft Visual Studio Solution File, Format Version 12.00
# Visual Studio Version 16
VisualStudioVersion = 16.0.31729.503
MinimumVisualStudioVersion = 10.0.40219.1
Project("{8BC9CEB8-8B4A-11D0-8D11-00A0C91BC942}") = "sim", "sim\sim.vcxproj", "{D3A11D39-AC99-459E-ACC0-8E384B47FCD7}"
EndProject
Global
	GlobalSection(SolutionConfigurationPlatforms) = preSolution
		Debug|x64 = Debug|x64
		Debug|x86 = Debug|x86
		Release|x64 = Release|x64
		Release|x86 = Release|x86
	EndGlobalSection
	GlobalSection(ProjectConfigurationPlatforms) = postSolution
		{D3A11D39-AC99-459E-ACC0-8E384B47FCD7}.Debug|x64.ActiveCfg = Debug|x64
		{D3A11D39-AC99-459E-ACC0-8E384B47FCD7}.Debug|x64.Build.0 = Debug|x64
		{D3A11D39-AC99-459E-ACC0-8E384B47FCD7}.Debug|x86.ActiveCfg = Debug|Win32
		{D3A11D39-AC99-459E-ACC0-8E384B47FCD7}.Debug|x86.Build.0 = Debug|Win32
		{D3A11D39-AC99-459E-ACC0-8E384B47FCD7}.Release|x64.ActiveCfg = Release|x64
		{D3A11D39-AC99-459E-ACC0-8E384B47FCD7}.Release|x64.Build.0 = Release|x64
		{D3A11D39-AC99-459E-ACC0-8E384B47FCD7}.Release|x86.ActiveCfg = Release|Win32
		{D3A11D39-AC99-459E-ACC0-8E384B47FCD7}.Release|x86.Build.0 = Release|Win32
	EndGlobalSection
	GlobalSection(SolutionProperties) = preSolution
		HideSolutionNode = FALSE
	EndGlobalSection
	GlobalSection(ExtensibilityGlobals) = postSolution
		SolutionGuid = {188E9F0E-E6F7-47B8-9D81-2A53EB97FF6F}
	EndGlobalSection
EndGlobal
